{
  "name": "fis3-parser-babel7",
  "version": "1.0.0",
  "lockfileVersion": 1,
  "requires": true,
  "dependencies": {
    "@babel/code-frame": {
      "version": "7.0.0",
      "resolved": "http://registry.npm.baidu-int.com/@babel%2fcode-frame/-/code-frame-7.0.0.tgz",
      "integrity": "sha512-OfC2uemaknXr87bdLUkWog7nYuliM9Ij5HUcajsVcMCpQrcLmtxRbVFTIqmcSkSeYRBFBRxs2FiUqFJDLdiebA==",
      "requires": {
        "@babel/highlight": "7.0.0"
      }
    },
    "@babel/core": {
      "version": "7.4.5",
      "resolved": "http://registry.npm.baidu-int.com/@babel%2fcore/-/core-7.4.5.tgz",
      "integrity": "sha1-CB+X6P/KZam0sP3H4nTnA/AAwGo=",
      "requires": {
        "@babel/code-frame": "7.0.0",
        "@babel/generator": "7.4.4",
        "@babel/helpers": "7.4.4",
        "@babel/parser": "7.4.5",
        "@babel/template": "7.4.4",
        "@babel/traverse": "7.4.5",
        "@babel/types": "7.4.4",
        "convert-source-map": "1.6.0",
        "debug": "4.1.1",
        "json5": "2.1.0",
        "lodash": "4.17.11",
        "resolve": "1.11.1",
        "semver": "5.7.0",
        "source-map": "0.5.7"
      }
    },
    "@babel/generator": {
      "version": "7.4.4",
      "resolved": "http://registry.npm.baidu-int.com/@babel%2fgenerator/-/generator-7.4.4.tgz",
      "integrity": "sha1-F0ohXrhD/DksftyqvqqHPebo8EE=",
      "requires": {
        "@babel/types": "7.4.4",
        "jsesc": "2.5.2",
        "lodash": "4.17.11",
        "source-map": "0.5.7",
        "trim-right": "1.0.1"
      }
    },
    "@babel/helper-function-name": {
      "version": "7.1.0",
      "resolved": "http://registry.npm.baidu-int.com/@babel%2fhelper-function-name/-/helper-function-name-7.1.0.tgz",
      "integrity": "sha512-A95XEoCpb3TO+KZzJ4S/5uW5fNe26DjBGqf1o9ucyLyCmi1dXq/B3c8iaWTfBk3VvetUxl16e8tIrd5teOCfGw==",
      "requires": {
        "@babel/helper-get-function-arity": "7.0.0",
        "@babel/template": "7.4.4",
        "@babel/types": "7.4.4"
      }
    },
    "@babel/helper-get-function-arity": {
      "version": "7.0.0",
      "resolved": "http://registry.npm.baidu-int.com/@babel%2fhelper-get-function-arity/-/helper-get-function-arity-7.0.0.tgz",
      "integrity": "sha512-r2DbJeg4svYvt3HOS74U4eWKsUAMRH01Z1ds1zx8KNTPtpTL5JAsdFv8BNyOpVqdFhHkkRDIg5B4AsxmkjAlmQ==",
      "requires": {
        "@babel/types": "7.4.4"
      }
    },
    "@babel/helper-split-export-declaration": {
      "version": "7.4.4",
      "resolved": "http://registry.npm.baidu-int.com/@babel%2fhelper-split-export-declaration/-/helper-split-export-declaration-7.4.4.tgz",
      "integrity": "sha1-/5SJSjQL549T8GrwOLIFxJ2ZNnc=",
      "requires": {
        "@babel/types": "7.4.4"
      }
    },
    "@babel/helpers": {
      "version": "7.4.4",
      "resolved": "http://registry.npm.baidu-int.com/@babel%2fhelpers/-/helpers-7.4.4.tgz",
      "integrity": "sha1-hosO9Zwd1OeHRFYtXOG1nIny8qU=",
      "requires": {
        "@babel/template": "7.4.4",
        "@babel/traverse": "7.4.5",
        "@babel/types": "7.4.4"
      }
    },
    "@babel/highlight": {
      "version": "7.0.0",
      "resolved": "http://registry.npm.baidu-int.com/@babel%2fhighlight/-/highlight-7.0.0.tgz",
      "integrity": "sha512-UFMC4ZeFC48Tpvj7C8UgLvtkaUuovQX+5xNWrsIoMG8o2z+XFKjKaN9iVmS84dPwVN00W4wPmqvYoZF3EGAsfw==",
      "requires": {
        "chalk": "2.4.2",
        "esutils": "2.0.2",
        "js-tokens": "4.0.0"
      }
    },
    "@babel/parser": {
      "version": "7.4.5",
      "resolved": "http://registry.npm.baidu-int.com/@babel%2fparser/-/parser-7.4.5.tgz",
      "integrity": "sha1-BK+NXVorBEoqG/+sweXmZzVE6HI="
    },
    "@babel/template": {
      "version": "7.4.4",
      "resolved": "http://registry.npm.baidu-int.com/@babel%2ftemplate/-/template-7.4.4.tgz",
      "integrity": "sha1-9LiNEiVomgj1vDoXSDVFvp5O0jc=",
      "requires": {
        "@babel/code-frame": "7.0.0",
        "@babel/parser": "7.4.5",
        "@babel/types": "7.4.4"
      }
    },
    "@babel/traverse": {
      "version": "7.4.5",
      "resolved": "http://registry.npm.baidu-int.com/@babel%2ftraverse/-/traverse-7.4.5.tgz",
      "integrity": "sha1-TpLRco/S8Yl9r90yHvv/khVsMhY=",
      "requires": {
        "@babel/code-frame": "7.0.0",
        "@babel/generator": "7.4.4",
        "@babel/helper-function-name": "7.1.0",
        "@babel/helper-split-export-declaration": "7.4.4",
        "@babel/parser": "7.4.5",
        "@babel/types": "7.4.4",
        "debug": "4.1.1",
        "globals": "11.12.0",
        "lodash": "4.17.11"
      }
    },
    "@babel/types": {
      "version": "7.4.4",
      "resolved": "http://registry.npm.baidu-int.com/@babel%2ftypes/-/types-7.4.4.tgz",
      "integrity": "sha1-jbnppim7fCk3AAm0t3ntk/5X1fA=",
      "requires": {
        "esutils": "2.0.2",
        "lodash": "4.17.11",
        "to-fast-properties": "2.0.0"
      }
    },
    "ansi-styles": {
      "version": "3.2.1",
      "resolved": "http://registry.npm.baidu-int.com/ansi-styles/-/ansi-styles-3.2.1.tgz",
      "integrity": "sha1-QfuyAkPlCxK+DwS43tvwdSDOhB0=",
      "requires": {
        "color-convert": "1.9.3"
      }
    },
    "chalk": {
      "version": "2.4.2",
      "resolved": "http://registry.npm.baidu-int.com/chalk/-/chalk-2.4.2.tgz",
      "integrity": "sha1-zUJUFnelQzPPVBpJEIwUMrRMlCQ=",
      "requires": {
        "ansi-styles": "3.2.1",
        "escape-string-regexp": "1.0.5",
        "supports-color": "5.5.0"
      }
    },
    "color-convert": {
      "version": "1.9.3",
      "resolved": "http://registry.npm.baidu-int.com/color-convert/-/color-convert-1.9.3.tgz",
      "integrity": "sha512-QfAUtd+vFdAtFQcC8CCyYt1fYWxSqAiK2cSD6zDB8N3cpsEBAvRxp9zOGg6G/SHHJYAT88/az/IuDGALsNVbGg==",
      "requires": {
        "color-name": "1.1.3"
      }
    },
    "color-name": {
      "version": "1.1.3",
      "resolved": "http://registry.npm.baidu-int.com/color-name/-/color-name-1.1.3.tgz",
      "integrity": "sha1-p9BVi9icQveV3UIyj3QIMcpTvCU="
    },
    "convert-source-map": {
      "version": "1.6.0",
      "resolved": "http://registry.npm.baidu-int.com/convert-source-map/-/convert-source-map-1.6.0.tgz",
      "integrity": "sha512-eFu7XigvxdZ1ETfbgPBohgyQ/Z++C0eEhTor0qRwBw9unw+L0/6V8wkSuGgzdThkiS5lSpdptOQPD8Ak40a+7A==",
      "requires": {
        "safe-buffer": "5.1.2"
      }
    },
    "debug": {
      "version": "4.1.1",
      "resolved": "http://registry.npm.baidu-int.com/debug/-/debug-4.1.1.tgz",
      "integrity": "sha1-O3ImAlUQnGtYnO4FDx1RYTlmR5E=",
      "requires": {
        "ms": "2.1.2"
      }
    },
    "escape-string-regexp": {
      "version": "1.0.5",
      "resolved": "http://registry.npm.baidu-int.com/escape-string-regexp/-/escape-string-regexp-1.0.5.tgz",
      "integrity": "sha1-G2HAViGQqN/2rjuyzwIAyhMLhtQ="
    },
    "esutils": {
      "version": "2.0.2",
      "resolved": "http://registry.npm.baidu-int.com/esutils/-/esutils-2.0.2.tgz",
      "integrity": "sha1-Cr9PHKpbyx96nYrMbepPqqBLrJs="
    },
    "globals": {
      "version": "11.12.0",
      "resolved": "http://registry.npm.baidu-int.com/globals/-/globals-11.12.0.tgz",
      "integrity": "sha1-q4eVM4hooLq9hSV1gBjCp+uVxC4="
    },
    "has-flag": {
      "version": "3.0.0",
      "resolved": "http://registry.npm.baidu-int.com/has-flag/-/has-flag-3.0.0.tgz",
      "integrity": "sha1-tdRU3CGZriJWmfNGfloH87lVuv0="
    },
    "js-tokens": {
      "version": "4.0.0",
      "resolved": "http://registry.npm.baidu-int.com/js-tokens/-/js-tokens-4.0.0.tgz",
      "integrity": "sha1-GSA/tZmR35jjoocFDUZHzerzJJk="
    },
    "jsesc": {
      "version": "2.5.2",
      "resolved": "http://registry.npm.baidu-int.com/jsesc/-/jsesc-2.5.2.tgz",
      "integrity": "sha1-gFZNLkg9rPbo7yCWUKZ98/DCg6Q="
    },
    "json5": {
      "version": "2.1.0",
      "resolved": "http://registry.npm.baidu-int.com/json5/-/json5-2.1.0.tgz",
      "integrity": "sha512-8Mh9h6xViijj36g7Dxi+Y4S6hNGV96vcJZr/SrlHh1LR/pEn/8j/+qIBbs44YKl69Lrfctp4QD+AdWLTMqEZAQ==",
      "requires": {
        "minimist": "1.2.0"
      }
    },
    "lodash": {
      "version": "4.17.11",
      "resolved": "http://registry.npm.baidu-int.com/lodash/-/lodash-4.17.11.tgz",
      "integrity": "sha512-cQKh8igo5QUhZ7lg38DYWAxMvjSAKG0A8wGSVimP07SIUEK2UO+arSRKbRZWtelMtN5V0Hkwh5ryOto/SshYIg=="
    },
    "minimist": {
      "version": "1.2.0",
      "resolved": "http://registry.npm.baidu-int.com/minimist/-/minimist-1.2.0.tgz",
      "integrity": "sha1-o1AIsg9BOD7sH7kU9M1d95omQoQ="
    },
    "ms": {
      "version": "2.1.2",
      "resolved": "http://registry.npm.baidu-int.com/ms/-/ms-2.1.2.tgz",
      "integrity": "sha512-sGkPx+VjMtmA6MX27oA4FBFELFCZZ4S4XqeGOXCv68tT+jb3vk/RyaKWP0PTKyWtmLSM0b+adUTEvbs1PEaH2w=="
    },
    "path-parse": {
      "version": "1.0.6",
      "resolved": "http://registry.npm.baidu-int.com/path-parse/-/path-parse-1.0.6.tgz",
      "integrity": "sha512-GSmOT2EbHrINBf9SR7CDELwlJ8AENk3Qn7OikK4nFYAu3Ote2+JYNVvkpAEQm3/TLNEJFD/xZJjzyxg3KBWOzw=="
    },
    "resolve": {
      "version": "1.11.1",
      "resolved": "http://registry.npm.baidu-int.com/resolve/-/resolve-1.11.1.tgz",
      "integrity": "sha512-vIpgF6wfuJOZI7KKKSP+HmiKggadPQAdsp5HiC1mvqnfp0gF1vdwgBWZIdrVft9pgqoMFQN+R7BSWZiBxx+BBw==",
      "requires": {
        "path-parse": "1.0.6"
      }
    },
    "safe-buffer": {
      "version": "5.1.2",
      "resolved": "http://registry.npm.baidu-int.com/safe-buffer/-/safe-buffer-5.1.2.tgz",
      "integrity": "sha512-Gd2UZBJDkXlY7GbJxfsE8/nvKkUEU1G38c1siN6QP6a9PT9MmHB8GnpscSmMJSoF8LOIrt8ud/wPtojys4G6+g=="
    },
    "semver": {
      "version": "5.7.0",
      "resolved": "http://registry.npm.baidu-int.com/semver/-/semver-5.7.0.tgz",
      "integrity": "sha1-eQp89v6lRZuslhELKbYEEtyP+Ws="
    },
    "source-map": {
      "version": "0.5.7",
      "resolved": "http://registry.npm.baidu-int.com/source-map/-/source-map-0.5.7.tgz",
      "integrity": "sha1-igOdLRAh0i0eoUyA2OpGi6LvP8w="
    },
    "supports-color": {
      "version": "5.5.0",
      "resolved": "http://registry.npm.baidu-int.com/supports-color/-/supports-color-5.5.0.tgz",
      "integrity": "sha512-QjVjwdXIt408MIiAqCX4oUKsgU2EqAGzs2Ppkm4aQYbjm+ZEWEcW4SfFNTr4uMNZma0ey4f5lgLrkB0aX0QMow==",
      "requires": {
        "has-flag": "3.0.0"
      }
    },
    "to-fast-properties": {
      "version": "2.0.0",
      "resolved": "http://registry.npm.baidu-int.com/to-fast-properties/-/to-fast-properties-2.0.0.tgz",
      "integrity": "sha1-3F5pjL0HkmW8c+A3doGk5Og/YW4="
    },
    "trim-right": {
      "version": "1.0.1",
      "resolved": "http://registry.npm.baidu-int.com/trim-right/-/trim-right-1.0.1.tgz",
      "integrity": "sha1-yy4SAwZ+DI3h9hQJS5/kVwTqYAM="
    }
  }
}
